# THIS IS AN AUTOGENERATED FILE. DO NOT EDIT THIS FILE DIRECTLY.
# yarn lockfile v1


babel-plugin-dotenv-import@^3.0.1:
  version "3.0.1"
  resolved "https://registry.yarnpkg.com/babel-plugin-dotenv-import/-/babel-plugin-dotenv-import-3.0.1.tgz#d03498ddae51d58d5899e5f4b37e8a2d33925982"
  integrity sha512-kW01sNKBc3maCTQZN7LhHf9YtwQUXv/NPLhPHu6Yuxiwn+C0AOFBNE4BfRSmft2NFjfqtpb6HUalJe9Z5DQENA==
  dependencies:
    dotenv "^16.0.3"

dotenv@^16.0.3:
  version "16.4.7"
  resolved "https://registry.yarnpkg.com/dotenv/-/dotenv-16.4.7.tgz#0e20c5b82950140aa99be360a8a5f52335f53c26"
  integrity sha512-47qPchRCykZC03FhkYAhrvwU4xDBFIj1QPqaarj6mdM/hgUzfPHcpkHJOn3mJAufFeeAxAzeGsr5X0M4k6fLZQ==
